
Microsoft Visual Studio Solution File, Format Version 12.00
# Visual Studio 15
VisualStudioVersion = 15.0.26124.0
MinimumVisualStudioVersion = 15.0.26124.0
Project("{FAE04EC0-301F-11D3-BF4B-00C04F79EFBC}") = "API", "API\API.csproj", "{93E60DD6-3812-41A1-94AD-CBD1EB55A26E}"
EndProject
Project("{FAE04EC0-301F-11D3-BF4B-00C04F79EFBC}") = "Core", "Core\Core.csproj", "{61E6685D-ECC5-43B9-B530-43D7BC8E04C8}"
EndProject
Project("{FAE04EC0-301F-11D3-BF4B-00C04F79EFBC}") = "Infrastucture", "Infrastucture\Infrastucture.csproj", "{05B80EAC-B2B8-48F9-BC4F-08FC367E62E3}"
EndProject
Global
	GlobalSection(SolutionConfigurationPlatforms) = preSolution
		Debug|Any CPU = Debug|Any CPU
		Debug|x64 = Debug|x64
		Debug|x86 = Debug|x86
		Release|Any CPU = Release|Any CPU
		Release|x64 = Release|x64
		Release|x86 = Release|x86
	EndGlobalSection
	GlobalSection(SolutionProperties) = preSolution
		HideSolutionNode = FALSE
	EndGlobalSection
	GlobalSection(ProjectConfigurationPlatforms) = postSolution
		{93E60DD6-3812-41A1-94AD-CBD1EB55A26E}.Debug|Any CPU.ActiveCfg = Debug|Any CPU
		{93E60DD6-3812-41A1-94AD-CBD1EB55A26E}.Debug|Any CPU.Build.0 = Debug|Any CPU
		{93E60DD6-3812-41A1-94AD-CBD1EB55A26E}.Debug|x64.ActiveCfg = Debug|Any CPU
		{93E60DD6-3812-41A1-94AD-CBD1EB55A26E}.Debug|x64.Build.0 = Debug|Any CPU
		{93E60DD6-3812-41A1-94AD-CBD1EB55A26E}.Debug|x86.ActiveCfg = Debug|Any CPU
		{93E60DD6-3812-41A1-94AD-CBD1EB55A26E}.Debug|x86.Build.0 = Debug|Any CPU
		{93E60DD6-3812-41A1-94AD-CBD1EB55A26E}.Release|Any CPU.ActiveCfg = Release|Any CPU
		{93E60DD6-3812-41A1-94AD-CBD1EB55A26E}.Release|Any CPU.Build.0 = Release|Any CPU
		{93E60DD6-3812-41A1-94AD-CBD1EB55A26E}.Release|x64.ActiveCfg = Release|Any CPU
		{93E60DD6-3812-41A1-94AD-CBD1EB55A26E}.Release|x64.Build.0 = Release|Any CPU
		{93E60DD6-3812-41A1-94AD-CBD1EB55A26E}.Release|x86.ActiveCfg = Release|Any CPU
		{93E60DD6-3812-41A1-94AD-CBD1EB55A26E}.Release|x86.Build.0 = Release|Any CPU
		{61E6685D-ECC5-43B9-B530-43D7BC8E04C8}.Debug|Any CPU.ActiveCfg = Debug|Any CPU
		{61E6685D-ECC5-43B9-B530-43D7BC8E04C8}.Debug|Any CPU.Build.0 = Debug|Any CPU
		{61E6685D-ECC5-43B9-B530-43D7BC8E04C8}.Debug|x64.ActiveCfg = Debug|Any CPU
		{61E6685D-ECC5-43B9-B530-43D7BC8E04C8}.Debug|x64.Build.0 = Debug|Any CPU
		{61E6685D-ECC5-43B9-B530-43D7BC8E04C8}.Debug|x86.ActiveCfg = Debug|Any CPU
		{61E6685D-ECC5-43B9-B530-43D7BC8E04C8}.Debug|x86.Build.0 = Debug|Any CPU
		{61E6685D-ECC5-43B9-B530-43D7BC8E04C8}.Release|Any CPU.ActiveCfg = Release|Any CPU
		{61E6685D-ECC5-43B9-B530-43D7BC8E04C8}.Release|Any CPU.Build.0 = Release|Any CPU
		{61E6685D-ECC5-43B9-B530-43D7BC8E04C8}.Release|x64.ActiveCfg = Release|Any CPU
		{61E6685D-ECC5-43B9-B530-43D7BC8E04C8}.Release|x64.Build.0 = Release|Any CPU
		{61E6685D-ECC5-43B9-B530-43D7BC8E04C8}.Release|x86.ActiveCfg = Release|Any CPU
		{61E6685D-ECC5-43B9-B530-43D7BC8E04C8}.Release|x86.Build.0 = Release|Any CPU
		{05B80EAC-B2B8-48F9-BC4F-08FC367E62E3}.Debug|Any CPU.ActiveCfg = Debug|Any CPU
		{05B80EAC-B2B8-48F9-BC4F-08FC367E62E3}.Debug|Any CPU.Build.0 = Debug|Any CPU
		{05B80EAC-B2B8-48F9-BC4F-08FC367E62E3}.Debug|x64.ActiveCfg = Debug|Any CPU
		{05B80EAC-B2B8-48F9-BC4F-08FC367E62E3}.Debug|x64.Build.0 = Debug|Any CPU
		{05B80EAC-B2B8-48F9-BC4F-08FC367E62E3}.Debug|x86.ActiveCfg = Debug|Any CPU
		{05B80EAC-B2B8-48F9-BC4F-08FC367E62E3}.Debug|x86.Build.0 = Debug|Any CPU
		{05B80EAC-B2B8-48F9-BC4F-08FC367E62E3}.Release|Any CPU.ActiveCfg = Release|Any CPU
		{05B80EAC-B2B8-48F9-BC4F-08FC367E62E3}.Release|Any CPU.Build.0 = Release|Any CPU
		{05B80EAC-B2B8-48F9-BC4F-08FC367E62E3}.Release|x64.ActiveCfg = Release|Any CPU
		{05B80EAC-B2B8-48F9-BC4F-08FC367E62E3}.Release|x64.Build.0 = Release|Any CPU
		{05B80EAC-B2B8-48F9-BC4F-08FC367E62E3}.Release|x86.ActiveCfg = Release|Any CPU
		{05B80EAC-B2B8-48F9-BC4F-08FC367E62E3}.Release|x86.Build.0 = Release|Any CPU
	EndGlobalSection
EndGlobal
